
Microsoft Visual Studio Solution File, Format Version 11.00
# Visual Studio 2010
Project("{FAE04EC0-301F-11D3-BF4B-00C04F79EFBC}") = "Libray1", "Libray1\Libray1.csproj", "{0CCAB0A7-899C-414A-A3F2-E6A14D17A0A6}"
EndProject
Global
	GlobalSection(SolutionConfigurationPlatforms) = preSolution
		Debug|Any CPU = Debug|Any CPU
		Release|Any CPU = Release|Any CPU
	EndGlobalSection
	GlobalSection(ProjectConfigurationPlatforms) = postSolution
		{0CCAB0A7-899C-414A-A3F2-E6A14D17A0A6}.Debug|Any CPU.ActiveCfg = Debug|Any CPU
		{0CCAB0A7-899C-414A-A3F2-E6A14D17A0A6}.Debug|Any CPU.Build.0 = Debug|Any CPU
		{0CCAB0A7-899C-414A-A3F2-E6A14D17A0A6}.Release|Any CPU.ActiveCfg = Release|Any CPU
		{0CCAB0A7-899C-414A-A3F2-E6A14D17A0A6}.Release|Any CPU.Build.0 = Release|Any CPU
	EndGlobalSection
	GlobalSection(SolutionProperties) = preSolution
		HideSolutionNode = FALSE
	EndGlobalSection
EndGlobal
